
Microsoft Visual Studio Solution File, Format Version 12.00
# Visual Studio Version 16
VisualStudioVersion = 16.0.30413.136
MinimumVisualStudioVersion = 10.0.40219.1
Project("{FAE04EC0-301F-11D3-BF4B-00C04F79EFBC}") = "QLDHS", "QLDHS.csproj", "{F1A09B09-7BB6-4B38-AB6C-94005E3FB1D0}"
EndProject
Global
	GlobalSection(SolutionConfigurationPlatforms) = preSolution
		Debug|Any CPU = Debug|Any CPU
		Release|Any CPU = Release|Any CPU
	EndGlobalSection
	GlobalSection(ProjectConfigurationPlatforms) = postSolution
		{F1A09B09-7BB6-4B38-AB6C-94005E3FB1D0}.Debug|Any CPU.ActiveCfg = Debug|Any CPU
		{F1A09B09-7BB6-4B38-AB6C-94005E3FB1D0}.Debug|Any CPU.Build.0 = Debug|Any CPU
		{F1A09B09-7BB6-4B38-AB6C-94005E3FB1D0}.Release|Any CPU.ActiveCfg = Release|Any CPU
		{F1A09B09-7BB6-4B38-AB6C-94005E3FB1D0}.Release|Any CPU.Build.0 = Release|Any CPU
	EndGlobalSection
	GlobalSection(SolutionProperties) = preSolution
		HideSolutionNode = FALSE
	EndGlobalSection
	GlobalSection(ExtensibilityGlobals) = postSolution
		SolutionGuid = {18351F75-56E0-4B28-87EB-206B3BDF7378}
	EndGlobalSection
EndGlobal
